// !$*UTF8*$!
{
	archiveVersion = 1;
	classes = {
	};
	objectVersion = 46;
	objects = {

/* Begin PBXBuildFile section */
		52D9765C1A65797500F5473F /* main.m in Sources */ = {isa = PBXBuildFile; fileRef = 52D9765B1A65797500F5473F /* main.m */; };
		52D976631A6579B000F5473F /* AbstractInterface.m in Sources */ = {isa = PBXBuildFile; fileRef = 52D976621A6579B000F5473F /* AbstractInterface.m */; };
		52D976671A65941000F5473F /* ConcreetInterface.m in Sources */ = {isa = PBXBuildFile; fileRef = 52D976661A65941000F5473F /* ConcreetInterface.m */; };
/* End PBXBuildFile section */

/* Begin PBXCopyFilesBuildPhase section */
		52D976561A65797500F5473F /* CopyFiles */ = {
			isa = PBXCopyFilesBuildPhase;
			buildActionMask = 2147483647;
			dstPath = /usr/share/man/man1/;
			dstSubfolderSpec = 0;
			files = (
			);
			runOnlyForDeploymentPostprocessing = 1;
		};
/* End PBXCopyFilesBuildPhase section */

/* Begin PBXFileReference section */
		52D976581A65797500F5473F /* AbstractInterfaceExample */ = {isa = PBXFileReference; explicitFileType = "compiled.mach-o.executable"; includeInIndex = 0; path = AbstractInterfaceExample; sourceTree = BUILT_PRODUCTS_DIR; };
		52D9765B1A65797500F5473F /* main.m */ = {isa = PBXFileReference; lastKnownFileType = sourcecode.c.objc; path = main.m; sourceTree = "<group>"; };
		52D976621A6579B000F5473F /* AbstractInterface.m */ = {isa = PBXFileReference; fileEncoding = 4; lastKnownFileType = sourcecode.c.objc; path = AbstractInterface.m; sourceTree = "<group>"; };
		52D976641A6579DE00F5473F /* AbstractInterface.h */ = {isa = PBXFileReference; lastKnownFileType = sourcecode.c.h; path = AbstractInterface.h; sourceTree = "<group>"; };
		52D976651A6593B600F5473F /* ConcreetInterface.h */ = {isa = PBXFileReference; lastKnownFileType = sourcecode.c.h; path = ConcreetInterface.h; sourceTree = "<group>"; };
		52D976661A65941000F5473F /* ConcreetInterface.m */ = {isa = PBXFileReference; fileEncoding = 4; lastKnownFileType = sourcecode.c.objc; path = ConcreetInterface.m; sourceTree = "<group>"; };
/* End PBXFileReference section */

/* Begin PBXFrameworksBuildPhase section */
		52D976551A65797500F5473F /* Frameworks */ = {
			isa = PBXFrameworksBuildPhase;
			buildActionMask = 2147483647;
			files = (
			);
			runOnlyForDeploymentPostprocessing = 0;
		};
/* End PBXFrameworksBuildPhase section */

/* Begin PBXGroup section */
		52D9764F1A65797500F5473F = {
			isa = PBXGroup;
			children = (
				52D9765A1A65797500F5473F /* AbstractInterfaceExample */,
				52D976591A65797500F5473F /* Products */,
			);
			sourceTree = "<group>";
		};
		52D976591A65797500F5473F /* Products */ = {
			isa = PBXGroup;
			children = (
				52D976581A65797500F5473F /* AbstractInterfaceExample */,
			);
			name = Products;
			sourceTree = "<group>";
		};
		52D9765A1A65797500F5473F /* AbstractInterfaceExample */ = {
			isa = PBXGroup;
			children = (
				52D9765B1A65797500F5473F /* main.m */,
				52D976621A6579B000F5473F /* AbstractInterface.m */,
				52D976641A6579DE00F5473F /* AbstractInterface.h */,
				52D976651A6593B600F5473F /* ConcreetInterface.h */,
				52D976661A65941000F5473F /* ConcreetInterface.m */,
			);
			path = AbstractInterfaceExample;
			sourceTree = "<group>";
		};
/* End PBXGroup section */

/* Begin PBXNativeTarget section */
		52D976571A65797500F5473F /* AbstractInterfaceExample */ = {
			isa = PBXNativeTarget;
			buildConfigurationList = 52D9765F1A65797500F5473F /* Build configuration list for PBXNativeTarget "AbstractInterfaceExample" */;
			buildPhases = (
				52D976541A65797500F5473F /* Sources */,
				52D976551A65797500F5473F /* Frameworks */,
				52D976561A65797500F5473F /* CopyFiles */,
			);
			buildRules = (
			);
			dependencies = (
			);
			name = AbstractInterfaceExample;
			productName = AbstractInterfaceExample;
			productReference = 52D976581A65797500F5473F /* AbstractInterfaceExample */;
			productType = "com.apple.product-type.tool";
		};
/* End PBXNativeTarget section */

/* Begin PBXProject section */
		52D976501A65797500F5473F /* Project object */ = {
			isa = PBXProject;
			attributes = {
				LastUpgradeCheck = 0610;
				ORGANIZATIONNAME = "Bilal El Uneis";
				TargetAttributes = {
					52D976571A65797500F5473F = {
						CreatedOnToolsVersion = 6.1.1;
					};
				};
			};
			buildConfigurationList = 52D976531A65797500F5473F /* Build configuration list for PBXProject "AbstractInterfaceExample" */;
			compatibilityVersion = "Xcode 3.2";
			developmentRegion = English;
			hasScannedForEncodings = 0;
			knownRegions = (
				en,
			);
			mainGroup = 52D9764F1A65797500F5473F;
			productRefGroup = 52D976591A65797500F5473F /* Products */;
			projectDirPath = "";
			projectRoot = "";
			targets = (
				52D976571A65797500F5473F /* AbstractInterfaceExample */,
			);
		};
/* End PBXProject section */

/* Begin PBXSourcesBuildPhase section */
		52D976541A65797500F5473F /* Sources */ = {
			isa = PBXSourcesBuildPhase;
			buildActionMask = 2147483647;
			files = (
				52D976671A65941000F5473F /* ConcreetInterface.m in Sources */,
				52D9765C1A65797500F5473F /* main.m in Sources */,
				52D976631A6579B000F5473F /* AbstractInterface.m in Sources */,
			);
			runOnlyForDeploymentPostprocessing = 0;
		};
/* End PBXSourcesBuildPhase section */

/* Begin XCBuildConfiguration section */
		52D9765D1A65797500F5473F /* Debug */ = {
			isa = XCBuildConfiguration;
			buildSettings = {
				ALWAYS_SEARCH_USER_PATHS = NO;
				CLANG_CXX_LANGUAGE_STANDARD = "gnu++0x";
				CLANG_CXX_LIBRARY = "libc++";
				CLANG_ENABLE_MODULES = YES;
				CLANG_ENABLE_OBJC_ARC = YES;
				CLANG_WARN_BOOL_CONVERSION = YES;
				CLANG_WARN_CONSTANT_CONVERSION = YES;
				CLANG_WARN_DIRECT_OBJC_ISA_USAGE = YES_ERROR;
				CLANG_WARN_EMPTY_BODY = YES;
				CLANG_WARN_ENUM_CONVERSION = YES;
				CLANG_WARN_INT_CONVERSION = YES;
				CLANG_WARN_OBJC_ROOT_CLASS = YES_ERROR;
				CLANG_WARN_UNREACHABLE_CODE = YES;
				CLANG_WARN__DUPLICATE_METHOD_MATCH = YES;
				COPY_PHASE_STRIP = NO;
				ENABLE_STRICT_OBJC_MSGSEND = YES;
				GCC_C_LANGUAGE_STANDARD = gnu99;
				GCC_DYNAMIC_NO_PIC = NO;
				GCC_OPTIMIZATION_LEVEL = 0;
				GCC_PREPROCESSOR_DEFINITIONS = (
					"DEBUG=1",
					"$(inherited)",
				);
				GCC_SYMBOLS_PRIVATE_EXTERN = NO;
				GCC_WARN_64_TO_32_BIT_CONVERSION = YES;
				GCC_WARN_ABOUT_RETURN_TYPE = YES_ERROR;
				GCC_WARN_UNDECLARED_SELECTOR = YES;
				GCC_WARN_UNINITIALIZED_AUTOS = YES_AGGRESSIVE;
				GCC_WARN_UNUSED_FUNCTION = YES;
				GCC_WARN_UNUSED_VARIABLE = YES;
				MACOSX_DEPLOYMENT_TARGET = 10.10;
				MTL_ENABLE_DEBUG_INFO = YES;
				ONLY_ACTIVE_ARCH = YES;
				SDKROOT = macosx;
			};
			name = Debug;
		};
		52D9765E1A65797500F5473F /* Release */ = {
			isa = XCBuildConfiguration;
			buildSettings = {
				ALWAYS_SEARCH_USER_PATHS = NO;
				CLANG_CXX_LANGUAGE_STANDARD = "gnu++0x";
				CLANG_CXX_LIBRARY = "libc++";
				CLANG_ENABLE_MODULES = YES;
				CLANG_ENABLE_OBJC_ARC = YES;
				CLANG_WARN_BOOL_CONVERSION = YES;
				CLANG_WARN_CONSTANT_CONVERSION = YES;
				CLANG_WARN_DIRECT_OBJC_ISA_USAGE = YES_ERROR;
				CLANG_WARN_EMPTY_BODY = YES;
				CLANG_WARN_ENUM_CONVERSION = YES;
				CLANG_WARN_INT_CONVERSION = YES;
				CLANG_WARN_OBJC_ROOT_CLASS = YES_ERROR;
				CLANG_WARN_UNREACHABLE_CODE = YES;
				CLANG_WARN__DUPLICATE_METHOD_MATCH = YES;
				COPY_PHASE_STRIP = YES;
				DEBUG_INFORMATION_FORMAT = "dwarf-with-dsym";
				ENABLE_NS_ASSERTIONS = NO;
				ENABLE_STRICT_OBJC_MSGSEND = YES;
				GCC_C_LANGUAGE_STANDARD = gnu99;
				GCC_WARN_64_TO_32_BIT_CONVERSION = YES;
				GCC_WARN_ABOUT_RETURN_TYPE = YES_ERROR;
				GCC_WARN_UNDECLARED_SELECTOR = YES;
				GCC_WARN_UNINITIALIZED_AUTOS = YES_AGGRESSIVE;
				GCC_WARN_UNUSED_FUNCTION = YES;
				GCC_WARN_UNUSED_VARIABLE = YES;
				MACOSX_DEPLOYMENT_TARGET = 10.10;
				MTL_ENABLE_DEBUG_INFO = NO;
				SDKROOT = macosx;
			};
			name = Release;
		};
		52D976601A65797500F5473F /* Debug */ = {
			isa = XCBuildConfiguration;
			buildSettings = {
				PRODUCT_NAME = "$(TARGET_NAME)";
			};
			name = Debug;
		};
		52D976611A65797500F5473F /* Release */ = {
			isa = XCBuildConfiguration;
			buildSettings = {
				PRODUCT_NAME = "$(TARGET_NAME)";
			};
			name = Release;
		};
/* End XCBuildConfiguration section */

/* Begin XCConfigurationList section */
		52D976531A65797500F5473F /* Build configuration list for PBXProject "AbstractInterfaceExample" */ = {
			isa = XCConfigurationList;
			buildConfigurations = (
				52D9765D1A65797500F5473F /* Debug */,
				52D9765E1A65797500F5473F /* Release */,
			);
			defaultConfigurationIsVisible = 0;
			defaultConfigurationName = Release;
		};
		52D9765F1A65797500F5473F /* Build configuration list for PBXNativeTarget "AbstractInterfaceExample" */ = {
			isa = XCConfigurationList;
			buildConfigurations = (
				52D976601A65797500F5473F /* Debug */,
				52D976611A65797500F5473F /* Release */,
			);
			defaultConfigurationIsVisible = 0;
		};
/* End XCConfigurationList section */
	};
	rootObject = 52D976501A65797500F5473F /* Project object */;
}
